
Microsoft Visual Studio Solution File, Format Version 12.00
# Visual Studio Version 17
VisualStudioVersion = 17.1.32328.378
MinimumVisualStudioVersion = 10.0.40219.1
Project("{9A19103F-16F7-4668-BE54-9A1E7A4F7556}") = "MyDeal.TechTest", "MyDeal.TechTest\MyDeal.TechTest.csproj", "{3EDE5AEF-B840-4374-AD99-A4168AE6F033}"
EndProject
Project("{9A19103F-16F7-4668-BE54-9A1E7A4F7556}") = "MyDeal.TechTest.Core", "MyDeal.TechTest.Core\MyDeal.TechTest.Core.csproj", "{78D4BAFC-7786-4C49-B7BE-47D0C8944D29}"
EndProject
Project("{9A19103F-16F7-4668-BE54-9A1E7A4F7556}") = "MyDeal.TechTest.Core.Tests", "MyDeal.TechTest.Core.Tests\MyDeal.TechTest.Core.Tests.csproj", "{D5FD063B-90C5-48F3-AA32-E92E2AB63CA6}"
EndProject
Global
	GlobalSection(SolutionConfigurationPlatforms) = preSolution
		Debug|Any CPU = Debug|Any CPU
		Release|Any CPU = Release|Any CPU
	EndGlobalSection
	GlobalSection(ProjectConfigurationPlatforms) = postSolution
		{3EDE5AEF-B840-4374-AD99-A4168AE6F033}.Debug|Any CPU.ActiveCfg = Debug|Any CPU
		{3EDE5AEF-B840-4374-AD99-A4168AE6F033}.Debug|Any CPU.Build.0 = Debug|Any CPU
		{3EDE5AEF-B840-4374-AD99-A4168AE6F033}.Release|Any CPU.ActiveCfg = Release|Any CPU
		{3EDE5AEF-B840-4374-AD99-A4168AE6F033}.Release|Any CPU.Build.0 = Release|Any CPU
		{78D4BAFC-7786-4C49-B7BE-47D0C8944D29}.Debug|Any CPU.ActiveCfg = Debug|Any CPU
		{78D4BAFC-7786-4C49-B7BE-47D0C8944D29}.Debug|Any CPU.Build.0 = Debug|Any CPU
		{78D4BAFC-7786-4C49-B7BE-47D0C8944D29}.Release|Any CPU.ActiveCfg = Release|Any CPU
		{78D4BAFC-7786-4C49-B7BE-47D0C8944D29}.Release|Any CPU.Build.0 = Release|Any CPU
		{D5FD063B-90C5-48F3-AA32-E92E2AB63CA6}.Debug|Any CPU.ActiveCfg = Debug|Any CPU
		{D5FD063B-90C5-48F3-AA32-E92E2AB63CA6}.Debug|Any CPU.Build.0 = Debug|Any CPU
		{D5FD063B-90C5-48F3-AA32-E92E2AB63CA6}.Release|Any CPU.ActiveCfg = Release|Any CPU
		{D5FD063B-90C5-48F3-AA32-E92E2AB63CA6}.Release|Any CPU.Build.0 = Release|Any CPU
	EndGlobalSection
	GlobalSection(SolutionProperties) = preSolution
		HideSolutionNode = FALSE
	EndGlobalSection
	GlobalSection(ExtensibilityGlobals) = postSolution
		SolutionGuid = {04D806C1-3CDF-4C7D-96E6-B24182E1757F}
	EndGlobalSection
EndGlobal
