
Microsoft Visual Studio Solution File, Format Version 12.00
# Visual Studio Version 17
VisualStudioVersion = 17.1.32328.378
MinimumVisualStudioVersion = 10.0.40219.1
Project("{9A19103F-16F7-4668-BE54-9A1E7A4F7556}") = "MyDeal.TechTest.Services", "MyDeal.TechTest.Services\MyDeal.TechTest.Services.csproj", "{8EC102E4-FFAA-4E46-A076-96F265618239}"
EndProject
Project("{9A19103F-16F7-4668-BE54-9A1E7A4F7556}") = "MyDeal.TechTest.Services.Tests", "MyDeal.TechTest.Services.Tests\MyDeal.TechTest.Services.Tests.csproj", "{C34C6DEE-9E50-45CC-BA0B-CD76EE5DDD7D}"
EndProject
Project("{9A19103F-16F7-4668-BE54-9A1E7A4F7556}") = "MyDeal.TechTest", "MyDeal.TechTest\MyDeal.TechTest.csproj", "{3EDE5AEF-B840-4374-AD99-A4168AE6F033}"
EndProject
Global
	GlobalSection(SolutionConfigurationPlatforms) = preSolution
		Debug|Any CPU = Debug|Any CPU
		Release|Any CPU = Release|Any CPU
	EndGlobalSection
	GlobalSection(ProjectConfigurationPlatforms) = postSolution
		{8EC102E4-FFAA-4E46-A076-96F265618239}.Debug|Any CPU.ActiveCfg = Debug|Any CPU
		{8EC102E4-FFAA-4E46-A076-96F265618239}.Debug|Any CPU.Build.0 = Debug|Any CPU
		{8EC102E4-FFAA-4E46-A076-96F265618239}.Release|Any CPU.ActiveCfg = Release|Any CPU
		{8EC102E4-FFAA-4E46-A076-96F265618239}.Release|Any CPU.Build.0 = Release|Any CPU
		{C34C6DEE-9E50-45CC-BA0B-CD76EE5DDD7D}.Debug|Any CPU.ActiveCfg = Debug|Any CPU
		{C34C6DEE-9E50-45CC-BA0B-CD76EE5DDD7D}.Debug|Any CPU.Build.0 = Debug|Any CPU
		{C34C6DEE-9E50-45CC-BA0B-CD76EE5DDD7D}.Release|Any CPU.ActiveCfg = Release|Any CPU
		{C34C6DEE-9E50-45CC-BA0B-CD76EE5DDD7D}.Release|Any CPU.Build.0 = Release|Any CPU
		{3EDE5AEF-B840-4374-AD99-A4168AE6F033}.Debug|Any CPU.ActiveCfg = Debug|Any CPU
		{3EDE5AEF-B840-4374-AD99-A4168AE6F033}.Debug|Any CPU.Build.0 = Debug|Any CPU
		{3EDE5AEF-B840-4374-AD99-A4168AE6F033}.Release|Any CPU.ActiveCfg = Release|Any CPU
		{3EDE5AEF-B840-4374-AD99-A4168AE6F033}.Release|Any CPU.Build.0 = Release|Any CPU
	EndGlobalSection
	GlobalSection(SolutionProperties) = preSolution
		HideSolutionNode = FALSE
	EndGlobalSection
	GlobalSection(ExtensibilityGlobals) = postSolution
		SolutionGuid = {04D806C1-3CDF-4C7D-96E6-B24182E1757F}
	EndGlobalSection
EndGlobal
